
Microsoft Visual Studio Solution File, Format Version 11.00
# Visual Studio 2010
Project("{2150E333-8FDC-42A3-9474-1A3956D46DE8}") = "Solution Items", "Solution Items", "{06857E2C-158C-419D-AF1C-85959A5F9D9A}"
	ProjectSection(SolutionItems) = preProject
		AUTHORS.txt = AUTHORS.txt
		COPYING.txt = COPYING.txt
		LocalTestRun.testrunconfig = LocalTestRun.testrunconfig
		Logbus-core.vsmdi = Logbus-core.vsmdi
		Logbus-core1.vsmdi = Logbus-core1.vsmdi
		Logbus-core2.vsmdi = Logbus-core2.vsmdi
		Logbus-core3.vsmdi = Logbus-core3.vsmdi
		Logbus-core4.vsmdi = Logbus-core4.vsmdi
		MS-RL.txt = MS-RL.txt
	EndProjectSection
EndProject
Project("{2150E333-8FDC-42A3-9474-1A3956D46DE8}") = "Libs", "Libs", "{344EB012-4F6C-457F-BB0F-FF66B20005A8}"
EndProject
Project("{2150E333-8FDC-42A3-9474-1A3956D46DE8}") = "Samples", "Samples", "{91913588-1D2B-41C1-9549-88174FDA91E2}"
EndProject
Project("{2150E333-8FDC-42A3-9474-1A3956D46DE8}") = "Tests", "Tests", "{FCF3C676-5193-497B-9C5B-9C2B6C1989DA}"
EndProject
Project("{FAE04EC0-301F-11D3-BF4B-00C04F79EFBC}") = "It.Unina.Dis.Logbus", "It.Unina.Dis.Logbus\It.Unina.Dis.Logbus.csproj", "{9D119D96-4F98-4131-90D4-1F5FE2EC09B7}"
EndProject
Project("{FAE04EC0-301F-11D3-BF4B-00C04F79EFBC}") = "AppConfigTools", "AppConfigTools\AppConfigTools.csproj", "{35DDC699-F8B3-478E-9C3C-B29C93E4E54A}"
EndProject
Project("{FAE04EC0-301F-11D3-BF4B-00C04F79EFBC}") = "Logbus-configtool", "Logbus-configtool\Logbus-configtool.csproj", "{914F9490-A440-4731-97FC-7F3EB1D1B5CC}"
EndProject
Project("{FAE04EC0-301F-11D3-BF4B-00C04F79EFBC}") = "It.Unina.Dis.Logbus.Extensions", "It.Unina.Dis.Logbus.Extensions\It.Unina.Dis.Logbus.Extensions.csproj", "{E434F2C2-6113-4C91-903D-642A51D9759B}"
EndProject
Project("{FAE04EC0-301F-11D3-BF4B-00C04F79EFBC}") = "LogbusWebapp", "LogbusWebapp\LogbusWebapp.csproj", "{BFB27842-B100-49A7-B027-10D1EBB7A991}"
EndProject
Project("{FAE04EC0-301F-11D3-BF4B-00C04F79EFBC}") = "DemoWarningClient", "Samples\DemoWarningClient\DemoWarningClient.csproj", "{DA53E3AB-5659-40FD-9DCE-0BCE20D53170}"
EndProject
Project("{FAE04EC0-301F-11D3-BF4B-00C04F79EFBC}") = "LogbusDaemon", "Samples\LogbusDaemon\LogbusDaemon.csproj", "{20F1FDBB-3221-4F9A-AC83-9D75CDF143F9}"
EndProject
Project("{FAE04EC0-301F-11D3-BF4B-00C04F79EFBC}") = "RandomMessagePump", "Samples\RandomMessagePump\RandomMessagePump.csproj", "{7DA7302D-1CF4-4971-80AB-1320521CFFF1}"
EndProject
Project("{FAE04EC0-301F-11D3-BF4B-00C04F79EFBC}") = "LogbusService", "Samples\LogbusService\LogbusService.csproj", "{AF2006F9-638A-4FDF-9ADD-B0F43C94F2AD}"
EndProject
Project("{FAE04EC0-301F-11D3-BF4B-00C04F79EFBC}") = "UnitTests", "Tests\UnitTests\UnitTests.csproj", "{77F91845-710D-47A5-AD61-405B2EB32843}"
EndProject
Project("{FAE04EC0-301F-11D3-BF4B-00C04F79EFBC}") = "Log4test", "Tests\Log4test\Log4test.csproj", "{8D0A3EB8-D3D7-4D1A-833A-1DDC347B6E0C}"
EndProject
Project("{FAE04EC0-301F-11D3-BF4B-00C04F79EFBC}") = "FilterTests", "Tests\FilterTests\FilterTests.csproj", "{37CBC1CA-48E9-4474-A87C-656AB319018B}"
EndProject
Global
	GlobalSection(TestCaseManagementSettings) = postSolution
		CategoryFile = Logbus-core4.vsmdi
	EndGlobalSection
	GlobalSection(SolutionConfigurationPlatforms) = preSolution
		Debug|Any CPU = Debug|Any CPU
		Mono Debug|Any CPU = Mono Debug|Any CPU
		Mono Release|Any CPU = Mono Release|Any CPU
		Release|Any CPU = Release|Any CPU
	EndGlobalSection
	GlobalSection(ProjectConfigurationPlatforms) = postSolution
		{9D119D96-4F98-4131-90D4-1F5FE2EC09B7}.Debug|Any CPU.ActiveCfg = Debug|Any CPU
		{9D119D96-4F98-4131-90D4-1F5FE2EC09B7}.Debug|Any CPU.Build.0 = Debug|Any CPU
		{9D119D96-4F98-4131-90D4-1F5FE2EC09B7}.Mono Debug|Any CPU.ActiveCfg = Mono Debug|Any CPU
		{9D119D96-4F98-4131-90D4-1F5FE2EC09B7}.Mono Debug|Any CPU.Build.0 = Mono Debug|Any CPU
		{9D119D96-4F98-4131-90D4-1F5FE2EC09B7}.Mono Release|Any CPU.ActiveCfg = Mono Release|Any CPU
		{9D119D96-4F98-4131-90D4-1F5FE2EC09B7}.Mono Release|Any CPU.Build.0 = Mono Release|Any CPU
		{9D119D96-4F98-4131-90D4-1F5FE2EC09B7}.Release|Any CPU.ActiveCfg = Release|Any CPU
		{9D119D96-4F98-4131-90D4-1F5FE2EC09B7}.Release|Any CPU.Build.0 = Release|Any CPU
		{35DDC699-F8B3-478E-9C3C-B29C93E4E54A}.Debug|Any CPU.ActiveCfg = Debug|Any CPU
		{35DDC699-F8B3-478E-9C3C-B29C93E4E54A}.Debug|Any CPU.Build.0 = Debug|Any CPU
		{35DDC699-F8B3-478E-9C3C-B29C93E4E54A}.Mono Debug|Any CPU.ActiveCfg = Mono Debug|Any CPU
		{35DDC699-F8B3-478E-9C3C-B29C93E4E54A}.Mono Release|Any CPU.ActiveCfg = Mono Release|Any CPU
		{35DDC699-F8B3-478E-9C3C-B29C93E4E54A}.Release|Any CPU.ActiveCfg = Release|Any CPU
		{914F9490-A440-4731-97FC-7F3EB1D1B5CC}.Debug|Any CPU.ActiveCfg = Debug|Any CPU
		{914F9490-A440-4731-97FC-7F3EB1D1B5CC}.Debug|Any CPU.Build.0 = Debug|Any CPU
		{914F9490-A440-4731-97FC-7F3EB1D1B5CC}.Mono Debug|Any CPU.ActiveCfg = Mono Debug|Any CPU
		{914F9490-A440-4731-97FC-7F3EB1D1B5CC}.Mono Release|Any CPU.ActiveCfg = Mono Release|Any CPU
		{914F9490-A440-4731-97FC-7F3EB1D1B5CC}.Release|Any CPU.ActiveCfg = Release|Any CPU
		{914F9490-A440-4731-97FC-7F3EB1D1B5CC}.Release|Any CPU.Build.0 = Release|Any CPU
		{E434F2C2-6113-4C91-903D-642A51D9759B}.Debug|Any CPU.ActiveCfg = Debug|Any CPU
		{E434F2C2-6113-4C91-903D-642A51D9759B}.Debug|Any CPU.Build.0 = Debug|Any CPU
		{E434F2C2-6113-4C91-903D-642A51D9759B}.Mono Debug|Any CPU.ActiveCfg = Mono Debug|Any CPU
		{E434F2C2-6113-4C91-903D-642A51D9759B}.Mono Debug|Any CPU.Build.0 = Mono Debug|Any CPU
		{E434F2C2-6113-4C91-903D-642A51D9759B}.Mono Release|Any CPU.ActiveCfg = Mono Release|Any CPU
		{E434F2C2-6113-4C91-903D-642A51D9759B}.Mono Release|Any CPU.Build.0 = Mono Release|Any CPU
		{E434F2C2-6113-4C91-903D-642A51D9759B}.Release|Any CPU.ActiveCfg = Release|Any CPU
		{E434F2C2-6113-4C91-903D-642A51D9759B}.Release|Any CPU.Build.0 = Release|Any CPU
		{BFB27842-B100-49A7-B027-10D1EBB7A991}.Debug|Any CPU.ActiveCfg = Debug|Any CPU
		{BFB27842-B100-49A7-B027-10D1EBB7A991}.Debug|Any CPU.Build.0 = Debug|Any CPU
		{BFB27842-B100-49A7-B027-10D1EBB7A991}.Mono Debug|Any CPU.ActiveCfg = Mono Debug|Any CPU
		{BFB27842-B100-49A7-B027-10D1EBB7A991}.Mono Debug|Any CPU.Build.0 = Mono Debug|Any CPU
		{BFB27842-B100-49A7-B027-10D1EBB7A991}.Mono Release|Any CPU.ActiveCfg = Mono Release|Any CPU
		{BFB27842-B100-49A7-B027-10D1EBB7A991}.Mono Release|Any CPU.Build.0 = Mono Release|Any CPU
		{BFB27842-B100-49A7-B027-10D1EBB7A991}.Release|Any CPU.ActiveCfg = Release|Any CPU
		{BFB27842-B100-49A7-B027-10D1EBB7A991}.Release|Any CPU.Build.0 = Release|Any CPU
		{DA53E3AB-5659-40FD-9DCE-0BCE20D53170}.Debug|Any CPU.ActiveCfg = Debug|Any CPU
		{DA53E3AB-5659-40FD-9DCE-0BCE20D53170}.Debug|Any CPU.Build.0 = Debug|Any CPU
		{DA53E3AB-5659-40FD-9DCE-0BCE20D53170}.Mono Debug|Any CPU.ActiveCfg = Mono Debug|Any CPU
		{DA53E3AB-5659-40FD-9DCE-0BCE20D53170}.Mono Debug|Any CPU.Build.0 = Mono Debug|Any CPU
		{DA53E3AB-5659-40FD-9DCE-0BCE20D53170}.Mono Release|Any CPU.ActiveCfg = Mono Release|Any CPU
		{DA53E3AB-5659-40FD-9DCE-0BCE20D53170}.Mono Release|Any CPU.Build.0 = Mono Release|Any CPU
		{DA53E3AB-5659-40FD-9DCE-0BCE20D53170}.Release|Any CPU.ActiveCfg = Release|Any CPU
		{DA53E3AB-5659-40FD-9DCE-0BCE20D53170}.Release|Any CPU.Build.0 = Release|Any CPU
		{20F1FDBB-3221-4F9A-AC83-9D75CDF143F9}.Debug|Any CPU.ActiveCfg = Debug|Any CPU
		{20F1FDBB-3221-4F9A-AC83-9D75CDF143F9}.Debug|Any CPU.Build.0 = Debug|Any CPU
		{20F1FDBB-3221-4F9A-AC83-9D75CDF143F9}.Mono Debug|Any CPU.ActiveCfg = Mono Debug|Any CPU
		{20F1FDBB-3221-4F9A-AC83-9D75CDF143F9}.Mono Debug|Any CPU.Build.0 = Mono Debug|Any CPU
		{20F1FDBB-3221-4F9A-AC83-9D75CDF143F9}.Mono Release|Any CPU.ActiveCfg = Mono Release|Any CPU
		{20F1FDBB-3221-4F9A-AC83-9D75CDF143F9}.Mono Release|Any CPU.Build.0 = Mono Release|Any CPU
		{20F1FDBB-3221-4F9A-AC83-9D75CDF143F9}.Release|Any CPU.ActiveCfg = Release|Any CPU
		{20F1FDBB-3221-4F9A-AC83-9D75CDF143F9}.Release|Any CPU.Build.0 = Release|Any CPU
		{7DA7302D-1CF4-4971-80AB-1320521CFFF1}.Debug|Any CPU.ActiveCfg = Debug|Any CPU
		{7DA7302D-1CF4-4971-80AB-1320521CFFF1}.Debug|Any CPU.Build.0 = Debug|Any CPU
		{7DA7302D-1CF4-4971-80AB-1320521CFFF1}.Mono Debug|Any CPU.ActiveCfg = Mono Debug|Any CPU
		{7DA7302D-1CF4-4971-80AB-1320521CFFF1}.Mono Debug|Any CPU.Build.0 = Mono Debug|Any CPU
		{7DA7302D-1CF4-4971-80AB-1320521CFFF1}.Mono Release|Any CPU.ActiveCfg = Mono Release|Any CPU
		{7DA7302D-1CF4-4971-80AB-1320521CFFF1}.Mono Release|Any CPU.Build.0 = Mono Release|Any CPU
		{7DA7302D-1CF4-4971-80AB-1320521CFFF1}.Release|Any CPU.ActiveCfg = Release|Any CPU
		{7DA7302D-1CF4-4971-80AB-1320521CFFF1}.Release|Any CPU.Build.0 = Release|Any CPU
		{AF2006F9-638A-4FDF-9ADD-B0F43C94F2AD}.Debug|Any CPU.ActiveCfg = Debug|Any CPU
		{AF2006F9-638A-4FDF-9ADD-B0F43C94F2AD}.Debug|Any CPU.Build.0 = Debug|Any CPU
		{AF2006F9-638A-4FDF-9ADD-B0F43C94F2AD}.Mono Debug|Any CPU.ActiveCfg = Debug|Any CPU
		{AF2006F9-638A-4FDF-9ADD-B0F43C94F2AD}.Mono Debug|Any CPU.Build.0 = Debug|Any CPU
		{AF2006F9-638A-4FDF-9ADD-B0F43C94F2AD}.Mono Release|Any CPU.ActiveCfg = Release|Any CPU
		{AF2006F9-638A-4FDF-9ADD-B0F43C94F2AD}.Mono Release|Any CPU.Build.0 = Release|Any CPU
		{AF2006F9-638A-4FDF-9ADD-B0F43C94F2AD}.Release|Any CPU.ActiveCfg = Release|Any CPU
		{AF2006F9-638A-4FDF-9ADD-B0F43C94F2AD}.Release|Any CPU.Build.0 = Release|Any CPU
		{77F91845-710D-47A5-AD61-405B2EB32843}.Debug|Any CPU.ActiveCfg = Debug|Any CPU
		{77F91845-710D-47A5-AD61-405B2EB32843}.Debug|Any CPU.Build.0 = Debug|Any CPU
		{77F91845-710D-47A5-AD61-405B2EB32843}.Mono Debug|Any CPU.ActiveCfg = Debug|Any CPU
		{77F91845-710D-47A5-AD61-405B2EB32843}.Mono Release|Any CPU.ActiveCfg = Release|Any CPU
		{77F91845-710D-47A5-AD61-405B2EB32843}.Release|Any CPU.ActiveCfg = Release|Any CPU
		{77F91845-710D-47A5-AD61-405B2EB32843}.Release|Any CPU.Build.0 = Release|Any CPU
		{8D0A3EB8-D3D7-4D1A-833A-1DDC347B6E0C}.Debug|Any CPU.ActiveCfg = Debug|Any CPU
		{8D0A3EB8-D3D7-4D1A-833A-1DDC347B6E0C}.Debug|Any CPU.Build.0 = Debug|Any CPU
		{8D0A3EB8-D3D7-4D1A-833A-1DDC347B6E0C}.Mono Debug|Any CPU.ActiveCfg = Mono Debug|Any CPU
		{8D0A3EB8-D3D7-4D1A-833A-1DDC347B6E0C}.Mono Release|Any CPU.ActiveCfg = Mono Release|Any CPU
		{8D0A3EB8-D3D7-4D1A-833A-1DDC347B6E0C}.Release|Any CPU.ActiveCfg = Release|Any CPU
		{8D0A3EB8-D3D7-4D1A-833A-1DDC347B6E0C}.Release|Any CPU.Build.0 = Release|Any CPU
		{37CBC1CA-48E9-4474-A87C-656AB319018B}.Debug|Any CPU.ActiveCfg = Debug|Any CPU
		{37CBC1CA-48E9-4474-A87C-656AB319018B}.Debug|Any CPU.Build.0 = Debug|Any CPU
		{37CBC1CA-48E9-4474-A87C-656AB319018B}.Mono Debug|Any CPU.ActiveCfg = Mono Debug|Any CPU
		{37CBC1CA-48E9-4474-A87C-656AB319018B}.Mono Release|Any CPU.ActiveCfg = Mono Release|Any CPU
		{37CBC1CA-48E9-4474-A87C-656AB319018B}.Release|Any CPU.ActiveCfg = Release|Any CPU
		{37CBC1CA-48E9-4474-A87C-656AB319018B}.Release|Any CPU.Build.0 = Release|Any CPU
	EndGlobalSection
	GlobalSection(SolutionProperties) = preSolution
		HideSolutionNode = FALSE
	EndGlobalSection
	GlobalSection(NestedProjects) = preSolution
		{DA53E3AB-5659-40FD-9DCE-0BCE20D53170} = {91913588-1D2B-41C1-9549-88174FDA91E2}
		{20F1FDBB-3221-4F9A-AC83-9D75CDF143F9} = {91913588-1D2B-41C1-9549-88174FDA91E2}
		{7DA7302D-1CF4-4971-80AB-1320521CFFF1} = {91913588-1D2B-41C1-9549-88174FDA91E2}
		{AF2006F9-638A-4FDF-9ADD-B0F43C94F2AD} = {91913588-1D2B-41C1-9549-88174FDA91E2}
		{77F91845-710D-47A5-AD61-405B2EB32843} = {FCF3C676-5193-497B-9C5B-9C2B6C1989DA}
		{8D0A3EB8-D3D7-4D1A-833A-1DDC347B6E0C} = {FCF3C676-5193-497B-9C5B-9C2B6C1989DA}
		{37CBC1CA-48E9-4474-A87C-656AB319018B} = {FCF3C676-5193-497B-9C5B-9C2B6C1989DA}
	EndGlobalSection
	GlobalSection(ExtensibilityGlobals) = postSolution
		VisualSVNWorkingCopyRoot = .
	EndGlobalSection
EndGlobal
